
Microsoft Visual Studio Solution File, Format Version 12.00
# Visual Studio 2013
VisualStudioVersion = 12.0.31101.0
MinimumVisualStudioVersion = 10.0.40219.1
Project("{FAE04EC0-301F-11D3-BF4B-00C04F79EFBC}") = "MarsIntervalCalculator", "MarsIntervalCalculator\MarsIntervalCalculator.csproj", "{9C843A97-C318-41B6-836E-CB4E9AACCA57}"
EndProject
Project("{FAE04EC0-301F-11D3-BF4B-00C04F79EFBC}") = "MarsIntervalCalculatorUnitTest", "MarsIntervalCalculatorUnitTest\MarsIntervalCalculatorUnitTest.csproj", "{A03A90FC-438D-4659-9191-B54ECD423EAB}"
EndProject
Global
	GlobalSection(SolutionConfigurationPlatforms) = preSolution
		Debug|Any CPU = Debug|Any CPU
		Release|Any CPU = Release|Any CPU
	EndGlobalSection
	GlobalSection(ProjectConfigurationPlatforms) = postSolution
		{9C843A97-C318-41B6-836E-CB4E9AACCA57}.Debug|Any CPU.ActiveCfg = Debug|Any CPU
		{9C843A97-C318-41B6-836E-CB4E9AACCA57}.Debug|Any CPU.Build.0 = Debug|Any CPU
		{9C843A97-C318-41B6-836E-CB4E9AACCA57}.Release|Any CPU.ActiveCfg = Release|Any CPU
		{9C843A97-C318-41B6-836E-CB4E9AACCA57}.Release|Any CPU.Build.0 = Release|Any CPU
		{A03A90FC-438D-4659-9191-B54ECD423EAB}.Debug|Any CPU.ActiveCfg = Debug|Any CPU
		{A03A90FC-438D-4659-9191-B54ECD423EAB}.Debug|Any CPU.Build.0 = Debug|Any CPU
		{A03A90FC-438D-4659-9191-B54ECD423EAB}.Release|Any CPU.ActiveCfg = Release|Any CPU
		{A03A90FC-438D-4659-9191-B54ECD423EAB}.Release|Any CPU.Build.0 = Release|Any CPU
	EndGlobalSection
	GlobalSection(SolutionProperties) = preSolution
		HideSolutionNode = FALSE
	EndGlobalSection
EndGlobal
